Microsoft Visual Studio Solution File, Format Version 12.00
# Visual Studio Version 16
VisualStudioVersion = 16.0.31424.327
MinimumVisualStudioVersion = 10.0.40219.1
Project("{8BC9CEB8-8B4A-11D0-8D11-00A0C91BC942}") = "QMeshLib", "QMeshLib\QMeshLib.vcxproj", "{ED703C9D-17FE-3D4B-B810-C2425547354D}"
EndProject
Project("{8BC9CEB8-8B4A-11D0-8D11-00A0C91BC942}") = "GLKLib", "GLKLib\GLKLib.vcxproj", "{EB896C55-A282-3A09-8B15-73FBA13F590D}"
EndProject
Project("{8BC9CEB8-8B4A-11D0-8D11-00A0C91BC942}") = "ShapeLab", "ShapeLab\ShapeLab.vcxproj", "{B3005C39-90EE-35AE-AA02-723CC30CFAF7}"
	ProjectSection(ProjectDependencies) = postProject
		{ED703C9D-17FE-3D4B-B810-C2425547354D} = {ED703C9D-17FE-3D4B-B810-C2425547354D}
		{EB896C55-A282-3A09-8B15-73FBA13F590D} = {EB896C55-A282-3A09-8B15-73FBA13F590D}
	EndProjectSection
EndProject
Global
	GlobalSection(SolutionConfigurationPlatforms) = preSolution
		Debug|x64 = Debug|x64
		Release|x64 = Release|x64
	EndGlobalSection
	GlobalSection(ProjectConfigurationPlatforms) = postSolution
		{ED703C9D-17FE-3D4B-B810-C2425547354D}.Debug|x64.ActiveCfg = Debug|x64
		{ED703C9D-17FE-3D4B-B810-C2425547354D}.Debug|x64.Build.0 = Debug|x64
		{ED703C9D-17FE-3D4B-B810-C2425547354D}.Release|x64.ActiveCfg = Release|x64
		{ED703C9D-17FE-3D4B-B810-C2425547354D}.Release|x64.Build.0 = Release|x64
		{EB896C55-A282-3A09-8B15-73FBA13F590D}.Debug|x64.ActiveCfg = Debug|x64
		{EB896C55-A282-3A09-8B15-73FBA13F590D}.Debug|x64.Build.0 = Debug|x64
		{EB896C55-A282-3A09-8B15-73FBA13F590D}.Release|x64.ActiveCfg = Release|x64
		{EB896C55-A282-3A09-8B15-73FBA13F590D}.Release|x64.Build.0 = Release|x64
		{B3005C39-90EE-35AE-AA02-723CC30CFAF7}.Debug|x64.ActiveCfg = Debug|x64
		{B3005C39-90EE-35AE-AA02-723CC30CFAF7}.Debug|x64.Build.0 = Debug|x64
		{B3005C39-90EE-35AE-AA02-723CC30CFAF7}.Release|x64.ActiveCfg = Release|x64
		{B3005C39-90EE-35AE-AA02-723CC30CFAF7}.Release|x64.Build.0 = Release|x64
	EndGlobalSection
	GlobalSection(SolutionProperties) = preSolution
		HideSolutionNode = FALSE
	EndGlobalSection
	GlobalSection(ExtensibilityGlobals) = postSolution
		Qt5Version = msvc2017_64
		SolutionGuid = {05500367-5040-4C9A-A48B-3B8F6FD6F724}
	EndGlobalSection
EndGlobal
